// !$*UTF8*$!
{
	archiveVersion = 1;
	classes = {
	};
	objectVersion = 48;
	objects = {

/* Begin PBXBuildFile section */
		B5982F6A202F5BEC0039BAD4 /* AppDelegate.swift in Sources */ = {isa = PBXBuildFile; fileRef = B5982F69202F5BEC0039BAD4 /* AppDelegate.swift */; };
		B5982F6F202F5BEC0039BAD4 /* Main.storyboard in Resources */ = {isa = PBXBuildFile; fileRef = B5982F6D202F5BEC0039BAD4 /* Main.storyboard */; };
		B5982F71202F5BED0039BAD4 /* Assets.xcassets in Resources */ = {isa = PBXBuildFile; fileRef = B5982F70202F5BED0039BAD4 /* Assets.xcassets */; };
		B5982F74202F5BED0039BAD4 /* LaunchScreen.storyboard in Resources */ = {isa = PBXBuildFile; fileRef = B5982F72202F5BED0039BAD4 /* LaunchScreen.storyboard */; };
/* End PBXBuildFile section */

/* Begin PBXFileReference section */
		B5982F66202F5BEC0039BAD4 /* Pizzarea Admin.app */ = {isa = PBXFileReference; explicitFileType = wrapper.application; includeInIndex = 0; path = "Pizzarea Admin.app"; sourceTree = BUILT_PRODUCTS_DIR; };
		B5982F69202F5BEC0039BAD4 /* AppDelegate.swift */ = {isa = PBXFileReference; lastKnownFileType = sourcecode.swift; path = AppDelegate.swift; sourceTree = "<group>"; };
		B5982F6E202F5BEC0039BAD4 /* Base */ = {isa = PBXFileReference; lastKnownFileType = file.storyboard; name = Base; path = Base.lproj/Main.storyboard; sourceTree = "<group>"; };
		B5982F70202F5BED0039BAD4 /* Assets.xcassets */ = {isa = PBXFileReference; lastKnownFileType = folder.assetcatalog; path = Assets.xcassets; sourceTree = "<group>"; };
		B5982F73202F5BED0039BAD4 /* Base */ = {isa = PBXFileReference; lastKnownFileType = file.storyboard; name = Base; path = Base.lproj/LaunchScreen.storyboard; sourceTree = "<group>"; };
		B5982F75202F5BED0039BAD4 /* Info.plist */ = {isa = PBXFileReference; lastKnownFileType = text.plist.xml; path = Info.plist; sourceTree = "<group>"; };
/* End PBXFileReference section */

/* Begin PBXFrameworksBuildPhase section */
		B5982F63202F5BEC0039BAD4 /* Frameworks */ = {
			isa = PBXFrameworksBuildPhase;
			buildActionMask = 2147483647;
			files = (
			);
			runOnlyForDeploymentPostprocessing = 0;
		};
/* End PBXFrameworksBuildPhase section */

/* Begin PBXGroup section */
		B5982F5D202F5BEC0039BAD4 = {
			isa = PBXGroup;
			children = (
				B5982F68202F5BEC0039BAD4 /* Pizzarea Admin */,
				B5982F67202F5BEC0039BAD4 /* Products */,
			);
			sourceTree = "<group>";
		};
		B5982F67202F5BEC0039BAD4 /* Products */ = {
			isa = PBXGroup;
			children = (
				B5982F66202F5BEC0039BAD4 /* Pizzarea Admin.app */,
			);
			name = Products;
			sourceTree = "<group>";
		};
		B5982F68202F5BEC0039BAD4 /* Pizzarea Admin */ = {
			isa = PBXGroup;
			children = (
				B5982F7D202F5C1B0039BAD4 /* Storyboards */,
				B5982F7C202F5C030039BAD4 /* Controllers */,
				B5982F7B202F5BFB0039BAD4 /* Resources */,
				B5982F69202F5BEC0039BAD4 /* AppDelegate.swift */,
			);
			path = "Pizzarea Admin";
			sourceTree = "<group>";
		};
		B5982F7B202F5BFB0039BAD4 /* Resources */ = {
			isa = PBXGroup;
			children = (
				B5982F70202F5BED0039BAD4 /* Assets.xcassets */,
				B5982F75202F5BED0039BAD4 /* Info.plist */,
			);
			path = Resources;
			sourceTree = "<group>";
		};
		B5982F7C202F5C030039BAD4 /* Controllers */ = {
			isa = PBXGroup;
			children = (
			);
			path = Controllers;
			sourceTree = "<group>";
		};
		B5982F7D202F5C1B0039BAD4 /* Storyboards */ = {
			isa = PBXGroup;
			children = (
				B5982F6D202F5BEC0039BAD4 /* Main.storyboard */,
				B5982F72202F5BED0039BAD4 /* LaunchScreen.storyboard */,
			);
			path = Storyboards;
			sourceTree = "<group>";
		};
/* End PBXGroup section */

/* Begin PBXNativeTarget section */
		B5982F65202F5BEC0039BAD4 /* Pizzarea Admin */ = {
			isa = PBXNativeTarget;
			buildConfigurationList = B5982F78202F5BED0039BAD4 /* Build configuration list for PBXNativeTarget "Pizzarea Admin" */;
			buildPhases = (
				B5982F62202F5BEC0039BAD4 /* Sources */,
				B5982F63202F5BEC0039BAD4 /* Frameworks */,
				B5982F64202F5BEC0039BAD4 /* Resources */,
			);
			buildRules = (
			);
			dependencies = (
			);
			name = "Pizzarea Admin";
			productName = "Pizzarea Admin";
			productReference = B5982F66202F5BEC0039BAD4 /* Pizzarea Admin.app */;
			productType = "com.apple.product-type.application";
		};
/* End PBXNativeTarget section */

/* Begin PBXProject section */
		B5982F5E202F5BEC0039BAD4 /* Project object */ = {
			isa = PBXProject;
			attributes = {
				LastSwiftUpdateCheck = 0920;
				LastUpgradeCheck = 0920;
				ORGANIZATIONNAME = "CreativityKills Co.";
				TargetAttributes = {
					B5982F65202F5BEC0039BAD4 = {
						CreatedOnToolsVersion = 9.2;
						ProvisioningStyle = Automatic;
					};
				};
			};
			buildConfigurationList = B5982F61202F5BEC0039BAD4 /* Build configuration list for PBXProject "Pizzarea Admin" */;
			compatibilityVersion = "Xcode 8.0";
			developmentRegion = en;
			hasScannedForEncodings = 0;
			knownRegions = (
				en,
				Base,
			);
			mainGroup = B5982F5D202F5BEC0039BAD4;
			productRefGroup = B5982F67202F5BEC0039BAD4 /* Products */;
			projectDirPath = "";
			projectRoot = "";
			targets = (
				B5982F65202F5BEC0039BAD4 /* Pizzarea Admin */,
			);
		};
/* End PBXProject section */

/* Begin PBXResourcesBuildPhase section */
		B5982F64202F5BEC0039BAD4 /* Resources */ = {
			isa = PBXResourcesBuildPhase;
			buildActionMask = 2147483647;
			files = (
				B5982F74202F5BED0039BAD4 /* LaunchScreen.storyboard in Resources */,
				B5982F71202F5BED0039BAD4 /* Assets.xcassets in Resources */,
				B5982F6F202F5BEC0039BAD4 /* Main.storyboard in Resources */,
			);
			runOnlyForDeploymentPostprocessing = 0;
		};
/* End PBXResourcesBuildPhase section */

/* Begin PBXSourcesBuildPhase section */
		B5982F62202F5BEC0039BAD4 /* Sources */ = {
			isa = PBXSourcesBuildPhase;
			buildActionMask = 2147483647;
			files = (
				B5982F6A202F5BEC0039BAD4 /* AppDelegate.swift in Sources */,
			);
			runOnlyForDeploymentPostprocessing = 0;
		};
/* End PBXSourcesBuildPhase section */

/* Begin PBXVariantGroup section */
		B5982F6D202F5BEC0039BAD4 /* Main.storyboard */ = {
			isa = PBXVariantGroup;
			children = (
				B5982F6E202F5BEC0039BAD4 /* Base */,
			);
			name = Main.storyboard;
			sourceTree = "<group>";
		};
		B5982F72202F5BED0039BAD4 /* LaunchScreen.storyboard */ = {
			isa = PBXVariantGroup;
			children = (
				B5982F73202F5BED0039BAD4 /* Base */,
			);
			name = LaunchScreen.storyboard;
			sourceTree = "<group>";
		};
/* End PBXVariantGroup section */

/* Begin XCBuildConfiguration section */
		B5982F76202F5BED0039BAD4 /* Debug */ = {
			isa = XCBuildConfiguration;
			buildSettings = {
				ALWAYS_SEARCH_USER_PATHS = NO;
				CLANG_ANALYZER_NONNULL = YES;
				CLANG_ANALYZER_NUMBER_OBJECT_CONVERSION = YES_AGGRESSIVE;
				CLANG_CXX_LANGUAGE_STANDARD = "gnu++14";
				CLANG_CXX_LIBRARY = "libc++";
				CLANG_ENABLE_MODULES = YES;
				CLANG_ENABLE_OBJC_ARC = YES;
				CLANG_WARN_BLOCK_CAPTURE_AUTORELEASING = YES;
				CLANG_WARN_BOOL_CONVERSION = YES;
				CLANG_WARN_COMMA = YES;
				CLANG_WARN_CONSTANT_CONVERSION = YES;
				CLANG_WARN_DIRECT_OBJC_ISA_USAGE = YES_ERROR;
				CLANG_WARN_DOCUMENTATION_COMMENTS = YES;
				CLANG_WARN_EMPTY_BODY = YES;
				CLANG_WARN_ENUM_CONVERSION = YES;
				CLANG_WARN_INFINITE_RECURSION = YES;
				CLANG_WARN_INT_CONVERSION = YES;
				CLANG_WARN_NON_LITERAL_NULL_CONVERSION = YES;
				CLANG_WARN_OBJC_LITERAL_CONVERSION = YES;
				CLANG_WARN_OBJC_ROOT_CLASS = YES_ERROR;
				CLANG_WARN_RANGE_LOOP_ANALYSIS = YES;
				CLANG_WARN_STRICT_PROTOTYPES = YES;
				CLANG_WARN_SUSPICIOUS_MOVE = YES;
				CLANG_WARN_UNGUARDED_AVAILABILITY = YES_AGGRESSIVE;
				CLANG_WARN_UNREACHABLE_CODE = YES;
				CLANG_WARN__DUPLICATE_METHOD_MATCH = YES;
				CODE_SIGN_IDENTITY = "iPhone Developer";
				COPY_PHASE_STRIP = NO;
				DEBUG_INFORMATION_FORMAT = dwarf;
				ENABLE_STRICT_OBJC_MSGSEND = YES;
				ENABLE_TESTABILITY = YES;
				GCC_C_LANGUAGE_STANDARD = gnu11;
				GCC_DYNAMIC_NO_PIC = NO;
				GCC_NO_COMMON_BLOCKS = YES;
				GCC_OPTIMIZATION_LEVEL = 0;
				GCC_PREPROCESSOR_DEFINITIONS = (
					"DEBUG=1",
					"$(inherited)",
				);
				GCC_WARN_64_TO_32_BIT_CONVERSION = YES;
				GCC_WARN_ABOUT_RETURN_TYPE = YES_ERROR;
				GCC_WARN_UNDECLARED_SELECTOR = YES;
				GCC_WARN_UNINITIALIZED_AUTOS = YES_AGGRESSIVE;
				GCC_WARN_UNUSED_FUNCTION = YES;
				GCC_WARN_UNUSED_VARIABLE = YES;
				IPHONEOS_DEPLOYMENT_TARGET = 11.2;
				MTL_ENABLE_DEBUG_INFO = YES;
				ONLY_ACTIVE_ARCH = YES;
				SDKROOT = iphoneos;
				SWIFT_ACTIVE_COMPILATION_CONDITIONS = DEBUG;
				SWIFT_OPTIMIZATION_LEVEL = "-Onone";
			};
			name = Debug;
		};
		B5982F77202F5BED0039BAD4 /* Release */ = {
			isa = XCBuildConfiguration;
			buildSettings = {
				ALWAYS_SEARCH_USER_PATHS = NO;
				CLANG_ANALYZER_NONNULL = YES;
				CLANG_ANALYZER_NUMBER_OBJECT_CONVERSION = YES_AGGRESSIVE;
				CLANG_CXX_LANGUAGE_STANDARD = "gnu++14";
				CLANG_CXX_LIBRARY = "libc++";
				CLANG_ENABLE_MODULES = YES;
				CLANG_ENABLE_OBJC_ARC = YES;
				CLANG_WARN_BLOCK_CAPTURE_AUTORELEASING = YES;
				CLANG_WARN_BOOL_CONVERSION = YES;
				CLANG_WARN_COMMA = YES;
				CLANG_WARN_CONSTANT_CONVERSION = YES;
				CLANG_WARN_DIRECT_OBJC_ISA_USAGE = YES_ERROR;
				CLANG_WARN_DOCUMENTATION_COMMENTS = YES;
				CLANG_WARN_EMPTY_BODY = YES;
				CLANG_WARN_ENUM_CONVERSION = YES;
				CLANG_WARN_INFINITE_RECURSION = YES;
				CLANG_WARN_INT_CONVERSION = YES;
				CLANG_WARN_NON_LITERAL_NULL_CONVERSION = YES;
				CLANG_WARN_OBJC_LITERAL_CONVERSION = YES;
				CLANG_WARN_OBJC_ROOT_CLASS = YES_ERROR;
				CLANG_WARN_RANGE_LOOP_ANALYSIS = YES;
				CLANG_WARN_STRICT_PROTOTYPES = YES;
				CLANG_WARN_SUSPICIOUS_MOVE = YES;
				CLANG_WARN_UNGUARDED_AVAILABILITY = YES_AGGRESSIVE;
				CLANG_WARN_UNREACHABLE_CODE = YES;
				CLANG_WARN__DUPLICATE_METHOD_MATCH = YES;
				CODE_SIGN_IDENTITY = "iPhone Developer";
				COPY_PHASE_STRIP = NO;
				DEBUG_INFORMATION_FORMAT = "dwarf-with-dsym";
				ENABLE_NS_ASSERTIONS = NO;
				ENABLE_STRICT_OBJC_MSGSEND = YES;
				GCC_C_LANGUAGE_STANDARD = gnu11;
				GCC_NO_COMMON_BLOCKS = YES;
				GCC_WARN_64_TO_32_BIT_CONVERSION = YES;
				GCC_WARN_ABOUT_RETURN_TYPE = YES_ERROR;
				GCC_WARN_UNDECLARED_SELECTOR = YES;
				GCC_WARN_UNINITIALIZED_AUTOS = YES_AGGRESSIVE;
				GCC_WARN_UNUSED_FUNCTION = YES;
				GCC_WARN_UNUSED_VARIABLE = YES;
				IPHONEOS_DEPLOYMENT_TARGET = 11.2;
				MTL_ENABLE_DEBUG_INFO = NO;
				SDKROOT = iphoneos;
				SWIFT_OPTIMIZATION_LEVEL = "-Owholemodule";
				VALIDATE_PRODUCT = YES;
			};
			name = Release;
		};
		B5982F79202F5BED0039BAD4 /* Debug */ = {
			isa = XCBuildConfiguration;
			buildSettings = {
				ASSETCATALOG_COMPILER_APPICON_NAME = AppIcon;
				CODE_SIGN_STYLE = Automatic;
				DEVELOPMENT_TEAM = FMQ6R58UAV;
				INFOPLIST_FILE = "$(SRCROOT)/Pizzarea Admin/Resources/Info.plist";
				LD_RUNPATH_SEARCH_PATHS = "$(inherited) @executable_path/Frameworks";
				PRODUCT_BUNDLE_IDENTIFIER = "co.creativitykills.pizzarea-admin";
				PRODUCT_NAME = "$(TARGET_NAME)";
				SWIFT_VERSION = 4.0;
				TARGETED_DEVICE_FAMILY = "1,2";
			};
			name = Debug;
		};
		B5982F7A202F5BED0039BAD4 /* Release */ = {
			isa = XCBuildConfiguration;
			buildSettings = {
				ASSETCATALOG_COMPILER_APPICON_NAME = AppIcon;
				CODE_SIGN_STYLE = Automatic;
				DEVELOPMENT_TEAM = FMQ6R58UAV;
				INFOPLIST_FILE = "$(SRCROOT)/Pizzarea Admin/Resources/Info.plist";
				LD_RUNPATH_SEARCH_PATHS = "$(inherited) @executable_path/Frameworks";
				PRODUCT_BUNDLE_IDENTIFIER = "co.creativitykills.pizzarea-admin";
				PRODUCT_NAME = "$(TARGET_NAME)";
				SWIFT_VERSION = 4.0;
				TARGETED_DEVICE_FAMILY = "1,2";
			};
			name = Release;
		};
/* End XCBuildConfiguration section */

/* Begin XCConfigurationList section */
		B5982F61202F5BEC0039BAD4 /* Build configuration list for PBXProject "Pizzarea Admin" */ = {
			isa = XCConfigurationList;
			buildConfigurations = (
				B5982F76202F5BED0039BAD4 /* Debug */,
				B5982F77202F5BED0039BAD4 /* Release */,
			);
			defaultConfigurationIsVisible = 0;
			defaultConfigurationName = Release;
		};
		B5982F78202F5BED0039BAD4 /* Build configuration list for PBXNativeTarget "Pizzarea Admin" */ = {
			isa = XCConfigurationList;
			buildConfigurations = (
				B5982F79202F5BED0039BAD4 /* Debug */,
				B5982F7A202F5BED0039BAD4 /* Release */,
			);
			defaultConfigurationIsVisible = 0;
			defaultConfigurationName = Release;
		};
/* End XCConfigurationList section */
	};
	rootObject = B5982F5E202F5BEC0039BAD4 /* Project object */;
}
